// !$*UTF8*$!
{
	archiveVersion = 1;
	classes = {
	};
	objectVersion = 77;
	objects = {

/* Begin PBXContainerItemProxy section */
		967DC4C32F06CCAB0084605C /* PBXContainerItemProxy */ = {
			isa = PBXContainerItemProxy;
			containerPortal = 967DC4AC2F06CCAA0084605C /* Project object */;
			proxyType = 1;
			remoteGlobalIDString = 967DC4B32F06CCAA0084605C;
			remoteInfo = LogiShare;
		};
		967DC4CD2F06CCAB0084605C /* PBXContainerItemProxy */ = {
			isa = PBXContainerItemProxy;
			containerPortal = 967DC4AC2F06CCAA0084605C /* Project object */;
			proxyType = 1;
			remoteGlobalIDString = 967DC4B32F06CCAA0084605C;
			remoteInfo = LogiShare;
		};
/* End PBXContainerItemProxy section */

/* Begin PBXFileReference section */
		967DC4B42F06CCAA0084605C /* LogiShare.app */ = {isa = PBXFileReference; explicitFileType = wrapper.application; includeInIndex = 0; path = LogiShare.app; sourceTree = BUILT_PRODUCTS_DIR; };
		967DC4C22F06CCAB0084605C /* LogiShareTests.xctest */ = {isa = PBXFileReference; explicitFileType = wrapper.cfbundle; includeInIndex = 0; path = LogiShareTests.xctest; sourceTree = BUILT_PRODUCTS_DIR; };
		967DC4CC2F06CCAB0084605C /* LogiShareUITests.xctest */ = {isa = PBXFileReference; explicitFileType = wrapper.cfbundle; includeInIndex = 0; path = LogiShareUITests.xctest; sourceTree = BUILT_PRODUCTS_DIR; };
/* End PBXFileReference section */

/* Begin PBXFileSystemSynchronizedRootGroup section */
		967DC4B62F06CCAA0084605C /* LogiShare */ = {
			isa = PBXFileSystemSynchronizedRootGroup;
			path = LogiShare;
			sourceTree = "<group>";
		};
		967DC4C52F06CCAB0084605C /* LogiShareTests */ = {
			isa = PBXFileSystemSynchronizedRootGroup;
			path = LogiShareTests;
			sourceTree = "<group>";
		};
		967DC4CF2F06CCAB0084605C /* LogiShareUITests */ = {
			isa = PBXFileSystemSynchronizedRootGroup;
			path = LogiShareUITests;
			sourceTree = "<group>";
		};
/* End PBXFileSystemSynchronizedRootGroup section */

/* Begin PBXFrameworksBuildPhase section */
		967DC4B12F06CCAA0084605C /* Frameworks */ = {
			isa = PBXFrameworksBuildPhase;
			buildActionMask = 2147483647;
			files = (
			);
			runOnlyForDeploymentPostprocessing = 0;
		};
		967DC4BF2F06CCAB0084605C /* Frameworks */ = {
			isa = PBXFrameworksBuildPhase;
			buildActionMask = 2147483647;
			files = (
			);
			runOnlyForDeploymentPostprocessing = 0;
		};
		967DC4C92F06CCAB0084605C /* Frameworks */ = {
			isa = PBXFrameworksBuildPhase;
			buildActionMask = 2147483647;
			files = (
			);
			runOnlyForDeploymentPostprocessing = 0;
		};
/* End PBXFrameworksBuildPhase section */

/* Begin PBXGroup section */
		967DC4AB2F06CCAA0084605C = {
			isa = PBXGroup;
			children = (
				967DC4B62F06CCAA0084605C /* LogiShare */,
				967DC4C52F06CCAB0084605C /* LogiShareTests */,
				967DC4CF2F06CCAB0084605C /* LogiShareUITests */,
				967DC4B52F06CCAA0084605C /* Products */,
			);
			sourceTree = "<group>";
		};
		967DC4B52F06CCAA0084605C /* Products */ = {
			isa = PBXGroup;
			children = (
				967DC4B42F06CCAA0084605C /* LogiShare.app */,
				967DC4C22F06CCAB0084605C /* LogiShareTests.xctest */,
				967DC4CC2F06CCAB0084605C /* LogiShareUITests.xctest */,
			);
			name = Products;
			sourceTree = "<group>";
		};
/* End PBXGroup section */

/* Begin PBXNativeTarget section */
		967DC4B32F06CCAA0084605C /* LogiShare */ = {
			isa = PBXNativeTarget;
			buildConfigurationList = 967DC4D62F06CCAB0084605C /* Build configuration list for PBXNativeTarget "LogiShare" */;
			buildPhases = (
				967DC4B02F06CCAA0084605C /* Sources */,
				967DC4B12F06CCAA0084605C /* Frameworks */,
				967DC4B22F06CCAA0084605C /* Resources */,
			);
			buildRules = (
			);
			dependencies = (
			);
			fileSystemSynchronizedGroups = (
				967DC4B62F06CCAA0084605C /* LogiShare */,
			);
			name = LogiShare;
			packageProductDependencies = (
			);
			productName = LogiShare;
			productReference = 967DC4B42F06CCAA0084605C /* LogiShare.app */;
			productType = "com.apple.product-type.application";
		};
		967DC4C12F06CCAB0084605C /* LogiShareTests */ = {
			isa = PBXNativeTarget;
			buildConfigurationList = 967DC4D92F06CCAB0084605C /* Build configuration list for PBXNativeTarget "LogiShareTests" */;
			buildPhases = (
				967DC4BE2F06CCAB0084605C /* Sources */,
				967DC4BF2F06CCAB0084605C /* Frameworks */,
				967DC4C02F06CCAB0084605C /* Resources */,
			);
			buildRules = (
			);
			dependencies = (
				967DC4C42F06CCAB0084605C /* PBXTargetDependency */,
			);
			fileSystemSynchronizedGroups = (
				967DC4C52F06CCAB0084605C /* LogiShareTests */,
			);
			name = LogiShareTests;
			packageProductDependencies = (
			);
			productName = LogiShareTests;
			productReference = 967DC4C22F06CCAB0084605C /* LogiShareTests.xctest */;
			productType = "com.apple.product-type.bundle.unit-test";
		};
		967DC4CB2F06CCAB0084605C /* LogiShareUITests */ = {
			isa = PBXNativeTarget;
			buildConfigurationList = 967DC4DC2F06CCAB0084605C /* Build configuration list for PBXNativeTarget "LogiShareUITests" */;
			buildPhases = (
				967DC4C82F06CCAB0084605C /* Sources */,
				967DC4C92F06CCAB0084605C /* Frameworks */,
				967DC4CA2F06CCAB0084605C /* Resources */,
			);
			buildRules = (
			);
			dependencies = (
				967DC4CE2F06CCAB0084605C /* PBXTargetDependency */,
			);
			fileSystemSynchronizedGroups = (
				967DC4CF2F06CCAB0084605C /* LogiShareUITests */,
			);
			name = LogiShareUITests;
			packageProductDependencies = (
			);
			productName = LogiShareUITests;
			productReference = 967DC4CC2F06CCAB0084605C /* LogiShareUITests.xctest */;
			productType = "com.apple.product-type.bundle.ui-testing";
		};
/* End PBXNativeTarget section */

/* Begin PBXProject section */
		967DC4AC2F06CCAA0084605C /* Project object */ = {
			isa = PBXProject;
			attributes = {
				BuildIndependentTargetsInParallel = 1;
				LastSwiftUpdateCheck = 1640;
				LastUpgradeCheck = 1640;
				TargetAttributes = {
					967DC4B32F06CCAA0084605C = {
						CreatedOnToolsVersion = 16.4;
					};
					967DC4C12F06CCAB0084605C = {
						CreatedOnToolsVersion = 16.4;
						TestTargetID = 967DC4B32F06CCAA0084605C;
					};
					967DC4CB2F06CCAB0084605C = {
						CreatedOnToolsVersion = 16.4;
						TestTargetID = 967DC4B32F06CCAA0084605C;
					};
				};
			};
			buildConfigurationList = 967DC4AF2F06CCAA0084605C /* Build configuration list for PBXProject "LogiShare" */;
			developmentRegion = en;
			hasScannedForEncodings = 0;
			knownRegions = (
				en,
				Base,
			);
			mainGroup = 967DC4AB2F06CCAA0084605C;
			minimizedProjectReferenceProxies = 1;
			preferredProjectObjectVersion = 77;
			productRefGroup = 967DC4B52F06CCAA0084605C /* Products */;
			projectDirPath = "";
			projectRoot = "";
			targets = (
				967DC4B32F06CCAA0084605C /* LogiShare */,
				967DC4C12F06CCAB0084605C /* LogiShareTests */,
				967DC4CB2F06CCAB0084605C /* LogiShareUITests */,
			);
		};
/* End PBXProject section */

/* Begin PBXResourcesBuildPhase section */
		967DC4B22F06CCAA0084605C /* Resources */ = {
			isa = PBXResourcesBuildPhase;
			buildActionMask = 2147483647;
			files = (
			);
			runOnlyForDeploymentPostprocessing = 0;
		};
		967DC4C02F06CCAB0084605C /* Resources */ = {
			isa = PBXResourcesBuildPhase;
			buildActionMask = 2147483647;
			files = (
			);
			runOnlyForDeploymentPostprocessing = 0;
		};
		967DC4CA2F06CCAB0084605C /* Resources */ = {
			isa = PBXResourcesBuildPhase;
			buildActionMask = 2147483647;
			files = (
			);
			runOnlyForDeploymentPostprocessing = 0;
		};
/* End PBXResourcesBuildPhase section */

/* Begin PBXSourcesBuildPhase section */
		967DC4B02F06CCAA0084605C /* Sources */ = {
			isa = PBXSourcesBuildPhase;
			buildActionMask = 2147483647;
			files = (
			);
			runOnlyForDeploymentPostprocessing = 0;
		};
		967DC4BE2F06CCAB0084605C /* Sources */ = {
			isa = PBXSourcesBuildPhase;
			buildActionMask = 2147483647;
			files = (
			);
			runOnlyForDeploymentPostprocessing = 0;
		};
		967DC4C82F06CCAB0084605C /* Sources */ = {
			isa = PBXSourcesBuildPhase;
			buildActionMask = 2147483647;
			files = (
			);
			runOnlyForDeploymentPostprocessing = 0;
		};
/* End PBXSourcesBuildPhase section */

/* Begin PBXTargetDependency section */
		967DC4C42F06CCAB0084605C /* PBXTargetDependency */ = {
			isa = PBXTargetDependency;
			target = 967DC4B32F06CCAA0084605C /* LogiShare */;
			targetProxy = 967DC4C32F06CCAB0084605C /* PBXContainerItemProxy */;
		};
		967DC4CE2F06CCAB0084605C /* PBXTargetDependency */ = {
			isa = PBXTargetDependency;
			target = 967DC4B32F06CCAA0084605C /* LogiShare */;
			targetProxy = 967DC4CD2F06CCAB0084605C /* PBXContainerItemProxy */;
		};
/* End PBXTargetDependency section */

/* Begin XCBuildConfiguration section */
		967DC4D42F06CCAB0084605C /* Debug */ = {
			isa = XCBuildConfiguration;
			buildSettings = {
				ALWAYS_SEARCH_USER_PATHS = NO;
				ASSETCATALOG_COMPILER_GENERATE_SWIFT_ASSET_SYMBOL_EXTENSIONS = YES;
				CLANG_ANALYZER_NONNULL = YES;
				CLANG_ANALYZER_NUMBER_OBJECT_CONVERSION = YES_AGGRESSIVE;
				CLANG_CXX_LANGUAGE_STANDARD = "gnu++20";
				CLANG_ENABLE_MODULES = YES;
				CLANG_ENABLE_OBJC_ARC = YES;
				CLANG_ENABLE_OBJC_WEAK = YES;
				CLANG_WARN_BLOCK_CAPTURE_AUTORELEASING = YES;
				CLANG_WARN_BOOL_CONVERSION = YES;
				CLANG_WARN_COMMA = YES;
				CLANG_WARN_CONSTANT_CONVERSION = YES;
				CLANG_WARN_DEPRECATED_OBJC_IMPLEMENTATIONS = YES;
				CLANG_WARN_DIRECT_OBJC_ISA_USAGE = YES_ERROR;
				CLANG_WARN_DOCUMENTATION_COMMENTS = YES;
				CLANG_WARN_EMPTY_BODY = YES;
				CLANG_WARN_ENUM_CONVERSION = YES;
				CLANG_WARN_INFINITE_RECURSION = YES;
				CLANG_WARN_INT_CONVERSION = YES;
				CLANG_WARN_NON_LITERAL_NULL_CONVERSION = YES;
				CLANG_WARN_OBJC_IMPLICIT_RETAIN_SELF = YES;
				CLANG_WARN_OBJC_LITERAL_CONVERSION = YES;
				CLANG_WARN_OBJC_ROOT_CLASS = YES_ERROR;
				CLANG_WARN_QUOTED_INCLUDE_IN_FRAMEWORK_HEADER = YES;
				CLANG_WARN_RANGE_LOOP_ANALYSIS = YES;
				CLANG_WARN_STRICT_PROTOTYPES = YES;
				CLANG_WARN_SUSPICIOUS_MOVE = YES;
				CLANG_WARN_UNGUARDED_AVAILABILITY = YES_AGGRESSIVE;
				CLANG_WARN_UNREACHABLE_CODE = YES;
				CLANG_WARN__DUPLICATE_METHOD_MATCH = YES;
				COPY_PHASE_STRIP = NO;
				DEBUG_INFORMATION_FORMAT = dwarf;
				ENABLE_STRICT_OBJC_MSGSEND = YES;
				ENABLE_TESTABILITY = YES;
				ENABLE_USER_SCRIPT_SANDBOXING = YES;
				GCC_C_LANGUAGE_STANDARD = gnu17;
				GCC_DYNAMIC_NO_PIC = NO;
				GCC_NO_COMMON_BLOCKS = YES;
				GCC_OPTIMIZATION_LEVEL = 0;
				GCC_PREPROCESSOR_DEFINITIONS = (
					"DEBUG=1",
					"$(inherited)",
				);
				GCC_WARN_64_TO_32_BIT_CONVERSION = YES;
				GCC_WARN_ABOUT_RETURN_TYPE = YES_ERROR;
				GCC_WARN_UNDECLARED_SELECTOR = YES;
				GCC_WARN_UNINITIALIZED_AUTOS = YES_AGGRESSIVE;
				GCC_WARN_UNUSED_FUNCTION = YES;
				GCC_WARN_UNUSED_VARIABLE = YES;
				LOCALIZATION_PREFERS_STRING_CATALOGS = YES;
				MACOSX_DEPLOYMENT_TARGET = 15.5;
				MTL_ENABLE_DEBUG_INFO = INCLUDE_SOURCE;
				MTL_FAST_MATH = YES;
				ONLY_ACTIVE_ARCH = YES;
				SDKROOT = macosx;
				SWIFT_ACTIVE_COMPILATION_CONDITIONS = "DEBUG $(inherited)";
				SWIFT_OPTIMIZATION_LEVEL = "-Onone";
			};
			name = Debug;
		};
		967DC4D52F06CCAB0084605C /* Release */ = {
			isa = XCBuildConfiguration;
			buildSettings = {
				ALWAYS_SEARCH_USER_PATHS = NO;
				ASSETCATALOG_COMPILER_GENERATE_SWIFT_ASSET_SYMBOL_EXTENSIONS = YES;
				CLANG_ANALYZER_NONNULL = YES;
				CLANG_ANALYZER_NUMBER_OBJECT_CONVERSION = YES_AGGRESSIVE;
				CLANG_CXX_LANGUAGE_STANDARD = "gnu++20";
				CLANG_ENABLE_MODULES = YES;
				CLANG_ENABLE_OBJC_ARC = YES;
				CLANG_ENABLE_OBJC_WEAK = YES;
				CLANG_WARN_BLOCK_CAPTURE_AUTORELEASING = YES;
				CLANG_WARN_BOOL_CONVERSION = YES;
				CLANG_WARN_COMMA = YES;
				CLANG_WARN_CONSTANT_CONVERSION = YES;
				CLANG_WARN_DEPRECATED_OBJC_IMPLEMENTATIONS = YES;
				CLANG_WARN_DIRECT_OBJC_ISA_USAGE = YES_ERROR;
				CLANG_WARN_DOCUMENTATION_COMMENTS = YES;
				CLANG_WARN_EMPTY_BODY = YES;
				CLANG_WARN_ENUM_CONVERSION = YES;
				CLANG_WARN_INFINITE_RECURSION = YES;
				CLANG_WARN_INT_CONVERSION = YES;
				CLANG_WARN_NON_LITERAL_NULL_CONVERSION = YES;
				CLANG_WARN_OBJC_IMPLICIT_RETAIN_SELF = YES;
				CLANG_WARN_OBJC_LITERAL_CONVERSION = YES;
				CLANG_WARN_OBJC_ROOT_CLASS = YES_ERROR;
				CLANG_WARN_QUOTED_INCLUDE_IN_FRAMEWORK_HEADER = YES;
				CLANG_WARN_RANGE_LOOP_ANALYSIS = YES;
				CLANG_WARN_STRICT_PROTOTYPES = YES;
				CLANG_WARN_SUSPICIOUS_MOVE = YES;
				CLANG_WARN_UNGUARDED_AVAILABILITY = YES_AGGRESSIVE;
				CLANG_WARN_UNREACHABLE_CODE = YES;
				CLANG_WARN__DUPLICATE_METHOD_MATCH = YES;
				COPY_PHASE_STRIP = NO;
				DEBUG_INFORMATION_FORMAT = "dwarf-with-dsym";
				ENABLE_NS_ASSERTIONS = NO;
				ENABLE_STRICT_OBJC_MSGSEND = YES;
				ENABLE_USER_SCRIPT_SANDBOXING = YES;
				GCC_C_LANGUAGE_STANDARD = gnu17;
				GCC_NO_COMMON_BLOCKS = YES;
				GCC_WARN_64_TO_32_BIT_CONVERSION = YES;
				GCC_WARN_ABOUT_RETURN_TYPE = YES_ERROR;
				GCC_WARN_UNDECLARED_SELECTOR = YES;
				GCC_WARN_UNINITIALIZED_AUTOS = YES_AGGRESSIVE;
				GCC_WARN_UNUSED_FUNCTION = YES;
				GCC_WARN_UNUSED_VARIABLE = YES;
				LOCALIZATION_PREFERS_STRING_CATALOGS = YES;
				MACOSX_DEPLOYMENT_TARGET = 15.5;
				MTL_ENABLE_DEBUG_INFO = NO;
				MTL_FAST_MATH = YES;
				SDKROOT = macosx;
				SWIFT_COMPILATION_MODE = wholemodule;
			};
			name = Release;
		};
		967DC4D72F06CCAB0084605C /* Debug */ = {
			isa = XCBuildConfiguration;
			buildSettings = {
				ASSETCATALOG_COMPILER_APPICON_NAME = AppIcon;
				ASSETCATALOG_COMPILER_GLOBAL_ACCENT_COLOR_NAME = AccentColor;
				CODE_SIGN_ENTITLEMENTS = LogiShare/LogiShare.entitlements;
				CODE_SIGN_STYLE = Automatic;
				COMBINE_HIDPI_IMAGES = YES;
				CURRENT_PROJECT_VERSION = 1;
				ENABLE_PREVIEWS = YES;
				GENERATE_INFOPLIST_FILE = YES;
				INFOPLIST_KEY_NSHumanReadableCopyright = "";
				LD_RUNPATH_SEARCH_PATHS = (
					"$(inherited)",
					"@executable_path/../Frameworks",
				);
				MARKETING_VERSION = 1.0;
				PRODUCT_BUNDLE_IDENTIFIER = calebb.LogiShare;
				PRODUCT_NAME = "$(TARGET_NAME)";
				REGISTER_APP_GROUPS = YES;
				SWIFT_EMIT_LOC_STRINGS = YES;
				SWIFT_VERSION = 5.0;
			};
			name = Debug;
		};
		967DC4D82F06CCAB0084605C /* Release */ = {
			isa = XCBuildConfiguration;
			buildSettings = {
				ASSETCATALOG_COMPILER_APPICON_NAME = AppIcon;
				ASSETCATALOG_COMPILER_GLOBAL_ACCENT_COLOR_NAME = AccentColor;
				CODE_SIGN_ENTITLEMENTS = LogiShare/LogiShare.entitlements;
				CODE_SIGN_STYLE = Automatic;
				COMBINE_HIDPI_IMAGES = YES;
				CURRENT_PROJECT_VERSION = 1;
				ENABLE_PREVIEWS = YES;
				GENERATE_INFOPLIST_FILE = YES;
				INFOPLIST_KEY_NSHumanReadableCopyright = "";
				LD_RUNPATH_SEARCH_PATHS = (
					"$(inherited)",
					"@executable_path/../Frameworks",
				);
				MARKETING_VERSION = 1.0;
				PRODUCT_BUNDLE_IDENTIFIER = calebb.LogiShare;
				PRODUCT_NAME = "$(TARGET_NAME)";
				REGISTER_APP_GROUPS = YES;
				SWIFT_EMIT_LOC_STRINGS = YES;
				SWIFT_VERSION = 5.0;
			};
			name = Release;
		};
		967DC4DA2F06CCAB0084605C /* Debug */ = {
			isa = XCBuildConfiguration;
			buildSettings = {
				BUNDLE_LOADER = "$(TEST_HOST)";
				CODE_SIGN_STYLE = Automatic;
				CURRENT_PROJECT_VERSION = 1;
				GENERATE_INFOPLIST_FILE = YES;
				MACOSX_DEPLOYMENT_TARGET = 15.5;
				MARKETING_VERSION = 1.0;
				PRODUCT_BUNDLE_IDENTIFIER = calebb.LogiShareTests;
				PRODUCT_NAME = "$(TARGET_NAME)";
				SWIFT_EMIT_LOC_STRINGS = NO;
				SWIFT_VERSION = 5.0;
				TEST_HOST = "$(BUILT_PRODUCTS_DIR)/LogiShare.app/$(BUNDLE_EXECUTABLE_FOLDER_PATH)/LogiShare";
			};
			name = Debug;
		};
		967DC4DB2F06CCAB0084605C /* Release */ = {
			isa = XCBuildConfiguration;
			buildSettings = {
				BUNDLE_LOADER = "$(TEST_HOST)";
				CODE_SIGN_STYLE = Automatic;
				CURRENT_PROJECT_VERSION = 1;
				GENERATE_INFOPLIST_FILE = YES;
				MACOSX_DEPLOYMENT_TARGET = 15.5;
				MARKETING_VERSION = 1.0;
				PRODUCT_BUNDLE_IDENTIFIER = calebb.LogiShareTests;
				PRODUCT_NAME = "$(TARGET_NAME)";
				SWIFT_EMIT_LOC_STRINGS = NO;
				SWIFT_VERSION = 5.0;
				TEST_HOST = "$(BUILT_PRODUCTS_DIR)/LogiShare.app/$(BUNDLE_EXECUTABLE_FOLDER_PATH)/LogiShare";
			};
			name = Release;
		};
		967DC4DD2F06CCAB0084605C /* Debug */ = {
			isa = XCBuildConfiguration;
			buildSettings = {
				CODE_SIGN_STYLE = Automatic;
				CURRENT_PROJECT_VERSION = 1;
				GENERATE_INFOPLIST_FILE = YES;
				MARKETING_VERSION = 1.0;
				PRODUCT_BUNDLE_IDENTIFIER = calebb.LogiShareUITests;
				PRODUCT_NAME = "$(TARGET_NAME)";
				SWIFT_EMIT_LOC_STRINGS = NO;
				SWIFT_VERSION = 5.0;
				TEST_TARGET_NAME = LogiShare;
			};
			name = Debug;
		};
		967DC4DE2F06CCAB0084605C /* Release */ = {
			isa = XCBuildConfiguration;
			buildSettings = {
				CODE_SIGN_STYLE = Automatic;
				CURRENT_PROJECT_VERSION = 1;
				GENERATE_INFOPLIST_FILE = YES;
				MARKETING_VERSION = 1.0;
				PRODUCT_BUNDLE_IDENTIFIER = calebb.LogiShareUITests;
				PRODUCT_NAME = "$(TARGET_NAME)";
				SWIFT_EMIT_LOC_STRINGS = NO;
				SWIFT_VERSION = 5.0;
				TEST_TARGET_NAME = LogiShare;
			};
			name = Release;
		};
/* End XCBuildConfiguration section */

/* Begin XCConfigurationList section */
		967DC4AF2F06CCAA0084605C /* Build configuration list for PBXProject "LogiShare" */ = {
			isa = XCConfigurationList;
			buildConfigurations = (
				967DC4D42F06CCAB0084605C /* Debug */,
				967DC4D52F06CCAB0084605C /* Release */,
			);
			defaultConfigurationIsVisible = 0;
			defaultConfigurationName = Release;
		};
		967DC4D62F06CCAB0084605C /* Build configuration list for PBXNativeTarget "LogiShare" */ = {
			isa = XCConfigurationList;
			buildConfigurations = (
				967DC4D72F06CCAB0084605C /* Debug */,
				967DC4D82F06CCAB0084605C /* Release */,
			);
			defaultConfigurationIsVisible = 0;
			defaultConfigurationName = Release;
		};
		967DC4D92F06CCAB0084605C /* Build configuration list for PBXNativeTarget "LogiShareTests" */ = {
			isa = XCConfigurationList;
			buildConfigurations = (
				967DC4DA2F06CCAB0084605C /* Debug */,
				967DC4DB2F06CCAB0084605C /* Release */,
			);
			defaultConfigurationIsVisible = 0;
			defaultConfigurationName = Release;
		};
		967DC4DC2F06CCAB0084605C /* Build configuration list for PBXNativeTarget "LogiShareUITests" */ = {
			isa = XCConfigurationList;
			buildConfigurations = (
				967DC4DD2F06CCAB0084605C /* Debug */,
				967DC4DE2F06CCAB0084605C /* Release */,
			);
			defaultConfigurationIsVisible = 0;
			defaultConfigurationName = Release;
		};
/* End XCConfigurationList section */
	};
	rootObject = 967DC4AC2F06CCAA0084605C /* Project object */;
}
